// !$*UTF8*$!
{
	archiveVersion = 1;
	classes = {
	};
	objectVersion = 50;
	objects = {

/* Begin PBXBuildFile section */
		73CC8F7E4A6D5BA5FA22C3A9 /* libPods-PlacesProject.a in Frameworks */ = {isa = PBXBuildFile; fileRef = BD3AD0E62DCE7AB48799E30E /* libPods-PlacesProject.a */; };
		FA02F0D8216774EC00ABBA2F /* PickerSearchViewController.m in Sources */ = {isa = PBXBuildFile; fileRef = FA02F0D7216774EC00ABBA2F /* PickerSearchViewController.m */; };
		FAEC8363216604E2000E1DA7 /* AppDelegate.m in Sources */ = {isa = PBXBuildFile; fileRef = FAEC8362216604E2000E1DA7 /* AppDelegate.m */; };
		FAEC8366216604E2000E1DA7 /* ViewController.m in Sources */ = {isa = PBXBuildFile; fileRef = FAEC8365216604E2000E1DA7 /* ViewController.m */; };
		FAEC8369216604E2000E1DA7 /* Main.storyboard in Resources */ = {isa = PBXBuildFile; fileRef = FAEC8367216604E2000E1DA7 /* Main.storyboard */; };
		FAEC836B216604E6000E1DA7 /* Assets.xcassets in Resources */ = {isa = PBXBuildFile; fileRef = FAEC836A216604E6000E1DA7 /* Assets.xcassets */; };
		FAEC836E216604E6000E1DA7 /* LaunchScreen.storyboard in Resources */ = {isa = PBXBuildFile; fileRef = FAEC836C216604E6000E1DA7 /* LaunchScreen.storyboard */; };
		FAEC8371216604E6000E1DA7 /* main.m in Sources */ = {isa = PBXBuildFile; fileRef = FAEC8370216604E6000E1DA7 /* main.m */; };
		FAEC837A216611BE000E1DA7 /* SearchViewController.m in Sources */ = {isa = PBXBuildFile; fileRef = FAEC8379216611BE000E1DA7 /* SearchViewController.m */; };
		FAEC837E21661734000E1DA7 /* ResultViewController.m in Sources */ = {isa = PBXBuildFile; fileRef = FAEC837D21661734000E1DA7 /* ResultViewController.m */; };
		FAEC838221661EB9000E1DA7 /* TableDataViewController.m in Sources */ = {isa = PBXBuildFile; fileRef = FAEC838121661EB9000E1DA7 /* TableDataViewController.m */; };
		FAEC83862166240F000E1DA7 /* FetcherViewController.m in Sources */ = {isa = PBXBuildFile; fileRef = FAEC83852166240F000E1DA7 /* FetcherViewController.m */; };
		FAEC838A21665303000E1DA7 /* CustomSearchViewController.m in Sources */ = {isa = PBXBuildFile; fileRef = FAEC838921665303000E1DA7 /* CustomSearchViewController.m */; };
/* End PBXBuildFile section */

/* Begin PBXFileReference section */
		68B7A8EBF2A39ED0EC38E8D3 /* Pods-PlacesProject.debug.xcconfig */ = {isa = PBXFileReference; includeInIndex = 1; lastKnownFileType = text.xcconfig; name = "Pods-PlacesProject.debug.xcconfig"; path = "Pods/Target Support Files/Pods-PlacesProject/Pods-PlacesProject.debug.xcconfig"; sourceTree = "<group>"; };
		BD3AD0E62DCE7AB48799E30E /* libPods-PlacesProject.a */ = {isa = PBXFileReference; explicitFileType = archive.ar; includeInIndex = 0; path = "libPods-PlacesProject.a"; sourceTree = BUILT_PRODUCTS_DIR; };
		BFFBB21D2EF622DA9CC0A477 /* Pods-PlacesProject.release.xcconfig */ = {isa = PBXFileReference; includeInIndex = 1; lastKnownFileType = text.xcconfig; name = "Pods-PlacesProject.release.xcconfig"; path = "Pods/Target Support Files/Pods-PlacesProject/Pods-PlacesProject.release.xcconfig"; sourceTree = "<group>"; };
		FA02F0D6216774EC00ABBA2F /* PickerSearchViewController.h */ = {isa = PBXFileReference; lastKnownFileType = sourcecode.c.h; path = PickerSearchViewController.h; sourceTree = "<group>"; };
		FA02F0D7216774EC00ABBA2F /* PickerSearchViewController.m */ = {isa = PBXFileReference; lastKnownFileType = sourcecode.c.objc; path = PickerSearchViewController.m; sourceTree = "<group>"; };
		FAEC835E216604E2000E1DA7 /* PlacesProject.app */ = {isa = PBXFileReference; explicitFileType = wrapper.application; includeInIndex = 0; path = PlacesProject.app; sourceTree = BUILT_PRODUCTS_DIR; };
		FAEC8361216604E2000E1DA7 /* AppDelegate.h */ = {isa = PBXFileReference; lastKnownFileType = sourcecode.c.h; path = AppDelegate.h; sourceTree = "<group>"; };
		FAEC8362216604E2000E1DA7 /* AppDelegate.m */ = {isa = PBXFileReference; lastKnownFileType = sourcecode.c.objc; path = AppDelegate.m; sourceTree = "<group>"; };
		FAEC8364216604E2000E1DA7 /* ViewController.h */ = {isa = PBXFileReference; lastKnownFileType = sourcecode.c.h; path = ViewController.h; sourceTree = "<group>"; };
		FAEC8365216604E2000E1DA7 /* ViewController.m */ = {isa = PBXFileReference; lastKnownFileType = sourcecode.c.objc; path = ViewController.m; sourceTree = "<group>"; };
		FAEC8368216604E2000E1DA7 /* Base */ = {isa = PBXFileReference; lastKnownFileType = file.storyboard; name = Base; path = Base.lproj/Main.storyboard; sourceTree = "<group>"; };
		FAEC836A216604E6000E1DA7 /* Assets.xcassets */ = {isa = PBXFileReference; lastKnownFileType = folder.assetcatalog; path = Assets.xcassets; sourceTree = "<group>"; };
		FAEC836D216604E6000E1DA7 /* Base */ = {isa = PBXFileReference; lastKnownFileType = file.storyboard; name = Base; path = Base.lproj/LaunchScreen.storyboard; sourceTree = "<group>"; };
		FAEC836F216604E6000E1DA7 /* Info.plist */ = {isa = PBXFileReference; lastKnownFileType = text.plist.xml; path = Info.plist; sourceTree = "<group>"; };
		FAEC8370216604E6000E1DA7 /* main.m */ = {isa = PBXFileReference; lastKnownFileType = sourcecode.c.objc; path = main.m; sourceTree = "<group>"; };
		FAEC8378216611BE000E1DA7 /* SearchViewController.h */ = {isa = PBXFileReference; lastKnownFileType = sourcecode.c.h; path = SearchViewController.h; sourceTree = "<group>"; };
		FAEC8379216611BE000E1DA7 /* SearchViewController.m */ = {isa = PBXFileReference; lastKnownFileType = sourcecode.c.objc; path = SearchViewController.m; sourceTree = "<group>"; };
		FAEC837C21661734000E1DA7 /* ResultViewController.h */ = {isa = PBXFileReference; lastKnownFileType = sourcecode.c.h; path = ResultViewController.h; sourceTree = "<group>"; };
		FAEC837D21661734000E1DA7 /* ResultViewController.m */ = {isa = PBXFileReference; lastKnownFileType = sourcecode.c.objc; path = ResultViewController.m; sourceTree = "<group>"; };
		FAEC838021661EB9000E1DA7 /* TableDataViewController.h */ = {isa = PBXFileReference; lastKnownFileType = sourcecode.c.h; path = TableDataViewController.h; sourceTree = "<group>"; };
		FAEC838121661EB9000E1DA7 /* TableDataViewController.m */ = {isa = PBXFileReference; lastKnownFileType = sourcecode.c.objc; path = TableDataViewController.m; sourceTree = "<group>"; };
		FAEC83842166240F000E1DA7 /* FetcherViewController.h */ = {isa = PBXFileReference; lastKnownFileType = sourcecode.c.h; path = FetcherViewController.h; sourceTree = "<group>"; };
		FAEC83852166240F000E1DA7 /* FetcherViewController.m */ = {isa = PBXFileReference; lastKnownFileType = sourcecode.c.objc; path = FetcherViewController.m; sourceTree = "<group>"; };
		FAEC838821665303000E1DA7 /* CustomSearchViewController.h */ = {isa = PBXFileReference; lastKnownFileType = sourcecode.c.h; path = CustomSearchViewController.h; sourceTree = "<group>"; };
		FAEC838921665303000E1DA7 /* CustomSearchViewController.m */ = {isa = PBXFileReference; lastKnownFileType = sourcecode.c.objc; path = CustomSearchViewController.m; sourceTree = "<group>"; };
/* End PBXFileReference section */

/* Begin PBXFrameworksBuildPhase section */
		FAEC835B216604E2000E1DA7 /* Frameworks */ = {
			isa = PBXFrameworksBuildPhase;
			buildActionMask = 2147483647;
			files = (
				73CC8F7E4A6D5BA5FA22C3A9 /* libPods-PlacesProject.a in Frameworks */,
			);
			runOnlyForDeploymentPostprocessing = 0;
		};
/* End PBXFrameworksBuildPhase section */

/* Begin PBXGroup section */
		03BE3C86BB451831375B9BE3 /* Frameworks */ = {
			isa = PBXGroup;
			children = (
				BD3AD0E62DCE7AB48799E30E /* libPods-PlacesProject.a */,
			);
			name = Frameworks;
			sourceTree = "<group>";
		};
		39D628D75695B0A520660066 /* Pods */ = {
			isa = PBXGroup;
			children = (
				68B7A8EBF2A39ED0EC38E8D3 /* Pods-PlacesProject.debug.xcconfig */,
				BFFBB21D2EF622DA9CC0A477 /* Pods-PlacesProject.release.xcconfig */,
			);
			name = Pods;
			sourceTree = "<group>";
		};
		FA02F0D5216774CC00ABBA2F /* Picker search */ = {
			isa = PBXGroup;
			children = (
				FA02F0D6216774EC00ABBA2F /* PickerSearchViewController.h */,
				FA02F0D7216774EC00ABBA2F /* PickerSearchViewController.m */,
			);
			path = "Picker search";
			sourceTree = "<group>";
		};
		FAEC8355216604E2000E1DA7 = {
			isa = PBXGroup;
			children = (
				FAEC8360216604E2000E1DA7 /* PlacesProject */,
				FAEC835F216604E2000E1DA7 /* Products */,
				39D628D75695B0A520660066 /* Pods */,
				03BE3C86BB451831375B9BE3 /* Frameworks */,
			);
			sourceTree = "<group>";
		};
		FAEC835F216604E2000E1DA7 /* Products */ = {
			isa = PBXGroup;
			children = (
				FAEC835E216604E2000E1DA7 /* PlacesProject.app */,
			);
			name = Products;
			sourceTree = "<group>";
		};
		FAEC8360216604E2000E1DA7 /* PlacesProject */ = {
			isa = PBXGroup;
			children = (
				FA02F0D5216774CC00ABBA2F /* Picker search */,
				FAEC8387216652E9000E1DA7 /* Custom search */,
				FAEC8383216623FE000E1DA7 /* Fetcher */,
				FAEC837F21661E95000E1DA7 /* Table data source */,
				FAEC837B21661711000E1DA7 /* Search Result Controller */,
				FAEC837721661185000E1DA7 /* Search full screen */,
				FAEC8361216604E2000E1DA7 /* AppDelegate.h */,
				FAEC8362216604E2000E1DA7 /* AppDelegate.m */,
				FAEC8364216604E2000E1DA7 /* ViewController.h */,
				FAEC8365216604E2000E1DA7 /* ViewController.m */,
				FAEC8367216604E2000E1DA7 /* Main.storyboard */,
				FAEC836A216604E6000E1DA7 /* Assets.xcassets */,
				FAEC836C216604E6000E1DA7 /* LaunchScreen.storyboard */,
				FAEC836F216604E6000E1DA7 /* Info.plist */,
				FAEC8370216604E6000E1DA7 /* main.m */,
			);
			path = PlacesProject;
			sourceTree = "<group>";
		};
		FAEC837721661185000E1DA7 /* Search full screen */ = {
			isa = PBXGroup;
			children = (
				FAEC8378216611BE000E1DA7 /* SearchViewController.h */,
				FAEC8379216611BE000E1DA7 /* SearchViewController.m */,
			);
			path = "Search full screen";
			sourceTree = "<group>";
		};
		FAEC837B21661711000E1DA7 /* Search Result Controller */ = {
			isa = PBXGroup;
			children = (
				FAEC837C21661734000E1DA7 /* ResultViewController.h */,
				FAEC837D21661734000E1DA7 /* ResultViewController.m */,
			);
			path = "Search Result Controller";
			sourceTree = "<group>";
		};
		FAEC837F21661E95000E1DA7 /* Table data source */ = {
			isa = PBXGroup;
			children = (
				FAEC838021661EB9000E1DA7 /* TableDataViewController.h */,
				FAEC838121661EB9000E1DA7 /* TableDataViewController.m */,
			);
			path = "Table data source";
			sourceTree = "<group>";
		};
		FAEC8383216623FE000E1DA7 /* Fetcher */ = {
			isa = PBXGroup;
			children = (
				FAEC83842166240F000E1DA7 /* FetcherViewController.h */,
				FAEC83852166240F000E1DA7 /* FetcherViewController.m */,
			);
			path = Fetcher;
			sourceTree = "<group>";
		};
		FAEC8387216652E9000E1DA7 /* Custom search */ = {
			isa = PBXGroup;
			children = (
				FAEC838821665303000E1DA7 /* CustomSearchViewController.h */,
				FAEC838921665303000E1DA7 /* CustomSearchViewController.m */,
			);
			path = "Custom search";
			sourceTree = "<group>";
		};
/* End PBXGroup section */

/* Begin PBXNativeTarget section */
		FAEC835D216604E2000E1DA7 /* PlacesProject */ = {
			isa = PBXNativeTarget;
			buildConfigurationList = FAEC8374216604E6000E1DA7 /* Build configuration list for PBXNativeTarget "PlacesProject" */;
			buildPhases = (
				0110DDEEC17D5373A480BEE3 /* [CP] Check Pods Manifest.lock */,
				FAEC835A216604E2000E1DA7 /* Sources */,
				FAEC835B216604E2000E1DA7 /* Frameworks */,
				FAEC835C216604E2000E1DA7 /* Resources */,
				832C4D774F6E9F0AE2EAB8B4 /* [CP] Copy Pods Resources */,
			);
			buildRules = (
			);
			dependencies = (
			);
			name = PlacesProject;
			productName = PlacesProject;
			productReference = FAEC835E216604E2000E1DA7 /* PlacesProject.app */;
			productType = "com.apple.product-type.application";
		};
/* End PBXNativeTarget section */

/* Begin PBXProject section */
		FAEC8356216604E2000E1DA7 /* Project object */ = {
			isa = PBXProject;
			attributes = {
				LastUpgradeCheck = 1000;
				ORGANIZATIONNAME = "Mohamed El Hanafi";
				TargetAttributes = {
					FAEC835D216604E2000E1DA7 = {
						CreatedOnToolsVersion = 10.0;
					};
				};
			};
			buildConfigurationList = FAEC8359216604E2000E1DA7 /* Build configuration list for PBXProject "PlacesProject" */;
			compatibilityVersion = "Xcode 9.3";
			developmentRegion = en;
			hasScannedForEncodings = 0;
			knownRegions = (
				en,
				Base,
			);
			mainGroup = FAEC8355216604E2000E1DA7;
			productRefGroup = FAEC835F216604E2000E1DA7 /* Products */;
			projectDirPath = "";
			projectRoot = "";
			targets = (
				FAEC835D216604E2000E1DA7 /* PlacesProject */,
			);
		};
/* End PBXProject section */

/* Begin PBXResourcesBuildPhase section */
		FAEC835C216604E2000E1DA7 /* Resources */ = {
			isa = PBXResourcesBuildPhase;
			buildActionMask = 2147483647;
			files = (
				FAEC836E216604E6000E1DA7 /* LaunchScreen.storyboard in Resources */,
				FAEC836B216604E6000E1DA7 /* Assets.xcassets in Resources */,
				FAEC8369216604E2000E1DA7 /* Main.storyboard in Resources */,
			);
			runOnlyForDeploymentPostprocessing = 0;
		};
/* End PBXResourcesBuildPhase section */

/* Begin PBXShellScriptBuildPhase section */
		0110DDEEC17D5373A480BEE3 /* [CP] Check Pods Manifest.lock */ = {
			isa = PBXShellScriptBuildPhase;
			buildActionMask = 2147483647;
			files = (
			);
			inputFileListPaths = (
			);
			inputPaths = (
				"${PODS_PODFILE_DIR_PATH}/Podfile.lock",
				"${PODS_ROOT}/Manifest.lock",
			);
			name = "[CP] Check Pods Manifest.lock";
			outputFileListPaths = (
			);
			outputPaths = (
				"$(DERIVED_FILE_DIR)/Pods-PlacesProject-checkManifestLockResult.txt",
			);
			runOnlyForDeploymentPostprocessing = 0;
			shellPath = /bin/sh;
			shellScript = "diff \"${PODS_PODFILE_DIR_PATH}/Podfile.lock\" \"${PODS_ROOT}/Manifest.lock\" > /dev/null\nif [ $? != 0 ] ; then\n    # print error to STDERR\n    echo \"error: The sandbox is not in sync with the Podfile.lock. Run 'pod install' or update your CocoaPods installation.\" >&2\n    exit 1\nfi\n# This output is used by Xcode 'outputs' to avoid re-running this script phase.\necho \"SUCCESS\" > \"${SCRIPT_OUTPUT_FILE_0}\"\n";
			showEnvVarsInLog = 0;
		};
		832C4D774F6E9F0AE2EAB8B4 /* [CP] Copy Pods Resources */ = {
			isa = PBXShellScriptBuildPhase;
			buildActionMask = 2147483647;
			files = (
			);
			inputFileListPaths = (
			);
			inputPaths = (
				"${SRCROOT}/Pods/Target Support Files/Pods-PlacesProject/Pods-PlacesProject-resources.sh",
				"${PODS_ROOT}/GoogleMaps/Maps/Frameworks/GoogleMaps.framework/Resources/GoogleMaps.bundle",
				"${PODS_ROOT}/GooglePlacePicker/Frameworks/GooglePlacePicker.framework/Resources/GooglePlacePicker.bundle",
				"${PODS_ROOT}/GooglePlaces/Frameworks/GooglePlaces.framework/Resources/GooglePlaces.bundle",
			);
			name = "[CP] Copy Pods Resources";
			outputFileListPaths = (
			);
			outputPaths = (
				"${TARGET_BUILD_DIR}/${UNLOCALIZED_RESOURCES_FOLDER_PATH}/GoogleMaps.bundle",
				"${TARGET_BUILD_DIR}/${UNLOCALIZED_RESOURCES_FOLDER_PATH}/GooglePlacePicker.bundle",
				"${TARGET_BUILD_DIR}/${UNLOCALIZED_RESOURCES_FOLDER_PATH}/GooglePlaces.bundle",
			);
			runOnlyForDeploymentPostprocessing = 0;
			shellPath = /bin/sh;
			shellScript = "\"${SRCROOT}/Pods/Target Support Files/Pods-PlacesProject/Pods-PlacesProject-resources.sh\"\n";
			showEnvVarsInLog = 0;
		};
/* End PBXShellScriptBuildPhase section */

/* Begin PBXSourcesBuildPhase section */
		FAEC835A216604E2000E1DA7 /* Sources */ = {
			isa = PBXSourcesBuildPhase;
			buildActionMask = 2147483647;
			files = (
				FAEC8366216604E2000E1DA7 /* ViewController.m in Sources */,
				FAEC83862166240F000E1DA7 /* FetcherViewController.m in Sources */,
				FAEC8371216604E6000E1DA7 /* main.m in Sources */,
				FAEC837A216611BE000E1DA7 /* SearchViewController.m in Sources */,
				FAEC838221661EB9000E1DA7 /* TableDataViewController.m in Sources */,
				FAEC837E21661734000E1DA7 /* ResultViewController.m in Sources */,
				FAEC8363216604E2000E1DA7 /* AppDelegate.m in Sources */,
				FA02F0D8216774EC00ABBA2F /* PickerSearchViewController.m in Sources */,
				FAEC838A21665303000E1DA7 /* CustomSearchViewController.m in Sources */,
			);
			runOnlyForDeploymentPostprocessing = 0;
		};
/* End PBXSourcesBuildPhase section */

/* Begin PBXVariantGroup section */
		FAEC8367216604E2000E1DA7 /* Main.storyboard */ = {
			isa = PBXVariantGroup;
			children = (
				FAEC8368216604E2000E1DA7 /* Base */,
			);
			name = Main.storyboard;
			sourceTree = "<group>";
		};
		FAEC836C216604E6000E1DA7 /* LaunchScreen.storyboard */ = {
			isa = PBXVariantGroup;
			children = (
				FAEC836D216604E6000E1DA7 /* Base */,
			);
			name = LaunchScreen.storyboard;
			sourceTree = "<group>";
		};
/* End PBXVariantGroup section */

/* Begin XCBuildConfiguration section */
		FAEC8372216604E6000E1DA7 /* Debug */ = {
			isa = XCBuildConfiguration;
			buildSettings = {
				ALWAYS_SEARCH_USER_PATHS = NO;
				CLANG_ANALYZER_NONNULL = YES;
				CLANG_ANALYZER_NUMBER_OBJECT_CONVERSION = YES_AGGRESSIVE;
				CLANG_CXX_LANGUAGE_STANDARD = "gnu++14";
				CLANG_CXX_LIBRARY = "libc++";
				CLANG_ENABLE_MODULES = YES;
				CLANG_ENABLE_OBJC_ARC = YES;
				CLANG_ENABLE_OBJC_WEAK = YES;
				CLANG_WARN_BLOCK_CAPTURE_AUTORELEASING = YES;
				CLANG_WARN_BOOL_CONVERSION = YES;
				CLANG_WARN_COMMA = YES;
				CLANG_WARN_CONSTANT_CONVERSION = YES;
				CLANG_WARN_DEPRECATED_OBJC_IMPLEMENTATIONS = YES;
				CLANG_WARN_DIRECT_OBJC_ISA_USAGE = YES_ERROR;
				CLANG_WARN_DOCUMENTATION_COMMENTS = YES;
				CLANG_WARN_EMPTY_BODY = YES;
				CLANG_WARN_ENUM_CONVERSION = YES;
				CLANG_WARN_INFINITE_RECURSION = YES;
				CLANG_WARN_INT_CONVERSION = YES;
				CLANG_WARN_NON_LITERAL_NULL_CONVERSION = YES;
				CLANG_WARN_OBJC_IMPLICIT_RETAIN_SELF = YES;
				CLANG_WARN_OBJC_LITERAL_CONVERSION = YES;
				CLANG_WARN_OBJC_ROOT_CLASS = YES_ERROR;
				CLANG_WARN_RANGE_LOOP_ANALYSIS = YES;
				CLANG_WARN_STRICT_PROTOTYPES = YES;
				CLANG_WARN_SUSPICIOUS_MOVE = YES;
				CLANG_WARN_UNGUARDED_AVAILABILITY = YES_AGGRESSIVE;
				CLANG_WARN_UNREACHABLE_CODE = YES;
				CLANG_WARN__DUPLICATE_METHOD_MATCH = YES;
				CODE_SIGN_IDENTITY = "iPhone Developer";
				COPY_PHASE_STRIP = NO;
				DEBUG_INFORMATION_FORMAT = dwarf;
				ENABLE_STRICT_OBJC_MSGSEND = YES;
				ENABLE_TESTABILITY = YES;
				GCC_C_LANGUAGE_STANDARD = gnu11;
				GCC_DYNAMIC_NO_PIC = NO;
				GCC_NO_COMMON_BLOCKS = YES;
				GCC_OPTIMIZATION_LEVEL = 0;
				GCC_PREPROCESSOR_DEFINITIONS = (
					"DEBUG=1",
					"$(inherited)",
				);
				GCC_WARN_64_TO_32_BIT_CONVERSION = YES;
				GCC_WARN_ABOUT_RETURN_TYPE = YES_ERROR;
				GCC_WARN_UNDECLARED_SELECTOR = YES;
				GCC_WARN_UNINITIALIZED_AUTOS = YES_AGGRESSIVE;
				GCC_WARN_UNUSED_FUNCTION = YES;
				GCC_WARN_UNUSED_VARIABLE = YES;
				IPHONEOS_DEPLOYMENT_TARGET = 12.0;
				MTL_ENABLE_DEBUG_INFO = INCLUDE_SOURCE;
				MTL_FAST_MATH = YES;
				ONLY_ACTIVE_ARCH = YES;
				SDKROOT = iphoneos;
			};
			name = Debug;
		};
		FAEC8373216604E6000E1DA7 /* Release */ = {
			isa = XCBuildConfiguration;
			buildSettings = {
				ALWAYS_SEARCH_USER_PATHS = NO;
				CLANG_ANALYZER_NONNULL = YES;
				CLANG_ANALYZER_NUMBER_OBJECT_CONVERSION = YES_AGGRESSIVE;
				CLANG_CXX_LANGUAGE_STANDARD = "gnu++14";
				CLANG_CXX_LIBRARY = "libc++";
				CLANG_ENABLE_MODULES = YES;
				CLANG_ENABLE_OBJC_ARC = YES;
				CLANG_ENABLE_OBJC_WEAK = YES;
				CLANG_WARN_BLOCK_CAPTURE_AUTORELEASING = YES;
				CLANG_WARN_BOOL_CONVERSION = YES;
				CLANG_WARN_COMMA = YES;
				CLANG_WARN_CONSTANT_CONVERSION = YES;
				CLANG_WARN_DEPRECATED_OBJC_IMPLEMENTATIONS = YES;
				CLANG_WARN_DIRECT_OBJC_ISA_USAGE = YES_ERROR;
				CLANG_WARN_DOCUMENTATION_COMMENTS = YES;
				CLANG_WARN_EMPTY_BODY = YES;
				CLANG_WARN_ENUM_CONVERSION = YES;
				CLANG_WARN_INFINITE_RECURSION = YES;
				CLANG_WARN_INT_CONVERSION = YES;
				CLANG_WARN_NON_LITERAL_NULL_CONVERSION = YES;
				CLANG_WARN_OBJC_IMPLICIT_RETAIN_SELF = YES;
				CLANG_WARN_OBJC_LITERAL_CONVERSION = YES;
				CLANG_WARN_OBJC_ROOT_CLASS = YES_ERROR;
				CLANG_WARN_RANGE_LOOP_ANALYSIS = YES;
				CLANG_WARN_STRICT_PROTOTYPES = YES;
				CLANG_WARN_SUSPICIOUS_MOVE = YES;
				CLANG_WARN_UNGUARDED_AVAILABILITY = YES_AGGRESSIVE;
				CLANG_WARN_UNREACHABLE_CODE = YES;
				CLANG_WARN__DUPLICATE_METHOD_MATCH = YES;
				CODE_SIGN_IDENTITY = "iPhone Developer";
				COPY_PHASE_STRIP = NO;
				DEBUG_INFORMATION_FORMAT = "dwarf-with-dsym";
				ENABLE_NS_ASSERTIONS = NO;
				ENABLE_STRICT_OBJC_MSGSEND = YES;
				GCC_C_LANGUAGE_STANDARD = gnu11;
				GCC_NO_COMMON_BLOCKS = YES;
				GCC_WARN_64_TO_32_BIT_CONVERSION = YES;
				GCC_WARN_ABOUT_RETURN_TYPE = YES_ERROR;
				GCC_WARN_UNDECLARED_SELECTOR = YES;
				GCC_WARN_UNINITIALIZED_AUTOS = YES_AGGRESSIVE;
				GCC_WARN_UNUSED_FUNCTION = YES;
				GCC_WARN_UNUSED_VARIABLE = YES;
				IPHONEOS_DEPLOYMENT_TARGET = 12.0;
				MTL_ENABLE_DEBUG_INFO = NO;
				MTL_FAST_MATH = YES;
				SDKROOT = iphoneos;
				VALIDATE_PRODUCT = YES;
			};
			name = Release;
		};
		FAEC8375216604E6000E1DA7 /* Debug */ = {
			isa = XCBuildConfiguration;
			baseConfigurationReference = 68B7A8EBF2A39ED0EC38E8D3 /* Pods-PlacesProject.debug.xcconfig */;
			buildSettings = {
				ASSETCATALOG_COMPILER_APPICON_NAME = AppIcon;
				CODE_SIGN_STYLE = Automatic;
				INFOPLIST_FILE = PlacesProject/Info.plist;
				LD_RUNPATH_SEARCH_PATHS = (
					"$(inherited)",
					"@executable_path/Frameworks",
				);
				PRODUCT_BUNDLE_IDENTIFIER = com.mintit.PlacesProject;
				PRODUCT_NAME = "$(TARGET_NAME)";
				TARGETED_DEVICE_FAMILY = "1,2";
			};
			name = Debug;
		};
		FAEC8376216604E6000E1DA7 /* Release */ = {
			isa = XCBuildConfiguration;
			baseConfigurationReference = BFFBB21D2EF622DA9CC0A477 /* Pods-PlacesProject.release.xcconfig */;
			buildSettings = {
				ASSETCATALOG_COMPILER_APPICON_NAME = AppIcon;
				CODE_SIGN_STYLE = Automatic;
				INFOPLIST_FILE = PlacesProject/Info.plist;
				LD_RUNPATH_SEARCH_PATHS = (
					"$(inherited)",
					"@executable_path/Frameworks",
				);
				PRODUCT_BUNDLE_IDENTIFIER = com.mintit.PlacesProject;
				PRODUCT_NAME = "$(TARGET_NAME)";
				TARGETED_DEVICE_FAMILY = "1,2";
			};
			name = Release;
		};
/* End XCBuildConfiguration section */

/* Begin XCConfigurationList section */
		FAEC8359216604E2000E1DA7 /* Build configuration list for PBXProject "PlacesProject" */ = {
			isa = XCConfigurationList;
			buildConfigurations = (
				FAEC8372216604E6000E1DA7 /* Debug */,
				FAEC8373216604E6000E1DA7 /* Release */,
			);
			defaultConfigurationIsVisible = 0;
			defaultConfigurationName = Release;
		};
		FAEC8374216604E6000E1DA7 /* Build configuration list for PBXNativeTarget "PlacesProject" */ = {
			isa = XCConfigurationList;
			buildConfigurations = (
				FAEC8375216604E6000E1DA7 /* Debug */,
				FAEC8376216604E6000E1DA7 /* Release */,
			);
			defaultConfigurationIsVisible = 0;
			defaultConfigurationName = Release;
		};
/* End XCConfigurationList section */
	};
	rootObject = FAEC8356216604E2000E1DA7 /* Project object */;
}
